
Microsoft Visual Studio Solution File, Format Version 12.00
Project("{FAE04EC0-301F-11D3-BF4B-00C04F79EFBC}") = "AuthorizeProject", "AuthorizeProject\AuthorizeProject.csproj", "{8C9CE594-87C2-4C85-8603-45DE13A196FD}"
EndProject
Project("{FAE04EC0-301F-11D3-BF4B-00C04F79EFBC}") = "FIOValidator", "FIOValidator\FIOValidator.csproj", "{457F57A6-7B24-41C9-A493-31394B090C48}"
EndProject
Project("{FAE04EC0-301F-11D3-BF4B-00C04F79EFBC}") = "SimulatorAPI", "SimulatorAPI\SimulatorAPI.csproj", "{B55B5758-C219-4F92-A68A-41C9D3999043}"
EndProject
Global
	GlobalSection(SolutionConfigurationPlatforms) = preSolution
		Debug|Any CPU = Debug|Any CPU
		Release|Any CPU = Release|Any CPU
	EndGlobalSection
	GlobalSection(ProjectConfigurationPlatforms) = postSolution
		{8C9CE594-87C2-4C85-8603-45DE13A196FD}.Debug|Any CPU.ActiveCfg = Debug|Any CPU
		{8C9CE594-87C2-4C85-8603-45DE13A196FD}.Debug|Any CPU.Build.0 = Debug|Any CPU
		{8C9CE594-87C2-4C85-8603-45DE13A196FD}.Release|Any CPU.ActiveCfg = Release|Any CPU
		{8C9CE594-87C2-4C85-8603-45DE13A196FD}.Release|Any CPU.Build.0 = Release|Any CPU
		{457F57A6-7B24-41C9-A493-31394B090C48}.Debug|Any CPU.ActiveCfg = Debug|Any CPU
		{457F57A6-7B24-41C9-A493-31394B090C48}.Debug|Any CPU.Build.0 = Debug|Any CPU
		{457F57A6-7B24-41C9-A493-31394B090C48}.Release|Any CPU.ActiveCfg = Release|Any CPU
		{457F57A6-7B24-41C9-A493-31394B090C48}.Release|Any CPU.Build.0 = Release|Any CPU
		{B55B5758-C219-4F92-A68A-41C9D3999043}.Debug|Any CPU.ActiveCfg = Debug|Any CPU
		{B55B5758-C219-4F92-A68A-41C9D3999043}.Debug|Any CPU.Build.0 = Debug|Any CPU
		{B55B5758-C219-4F92-A68A-41C9D3999043}.Release|Any CPU.ActiveCfg = Release|Any CPU
		{B55B5758-C219-4F92-A68A-41C9D3999043}.Release|Any CPU.Build.0 = Release|Any CPU
	EndGlobalSection
EndGlobal
